{
  "originHash" : "1400f3c9ff9caedb475a010996d194caf92ceab0a77db4e8cd2dd1417654dd8a",
  "pins" : [
    {
      "identity" : "keyboardshortcuts",
      "kind" : "remoteSourceControl",
      "location" : "https://github.com/sindresorhus/KeyboardShortcuts",
      "state" : {
        "revision" : "ac302e21da5883f4bd0490cbd0cb710b08740500",
        "version" : "1.15.0"
      }
    }
  ],
  "version" : 3
}
